{
  "originHash" : "ac8049260d12e3e188e17bf1007cd31651d78628d1f7a285ef37ec81da40fd25",
  "pins" : [
    {
      "identity" : "devicekit",
      "kind" : "remoteSourceControl",
      "location" : "https://github.com/devicekit/DeviceKit.git",
      "state" : {
        "revision" : "581df61650bc457ec00373a592a84be3e7468eb1",
        "version" : "5.7.0"
      }
    },
    {
      "identity" : "elevenlabs-swift-sdk",
      "kind" : "remoteSourceControl",
      "location" : "https://github.com/elevenlabs/elevenlabs-swift-sdk.git",
      "state" : {
        "revision" : "7efa6d77ed85004ad0796aef7d5cdc17dcde84ca",
        "version" : "1.2.3"
      }
    },
    {
      "identity" : "spline-ios",
      "kind" : "remoteSourceControl",
      "location" : "https://github.com/splinetool/spline-ios.git",
      "state" : {
        "revision" : "ed69b044aeb5a0f551e9a5b4239dc2fb01089aff",
        "version" : "0.2.46"
      }
    },
    {
      "identity" : "starscream",
      "kind" : "remoteSourceControl",
      "location" : "https://github.com/daltoniam/Starscream.git",
      "state" : {
        "revision" : "c6bfd1af48efcc9a9ad203665db12375ba6b145a",
        "version" : "4.0.8"
      }
    }
  ],
  "version" : 3
}
